{
  "name": "fastek",
  "version": "0.1.0",
  "lockfileVersion": 1,
  "requires": true,
  "dependencies": {
    "core-js": {
      "version": "3.0.1",
      "resolved": "https://rbcplatform.jfrog.io/rbcplatform/api/npm/npm-virtual/core-js/-/core-js-3.0.1.tgz",
      "integrity": "sha1-E0MYJjQpj384Yi+V5z9U5I3fRzg="
    },
    "kleur": {
      "version": "3.0.3",
      "resolved": "https://rbcplatform.jfrog.io/rbcplatform/api/npm/npm-virtual/kleur/-/kleur-3.0.3.tgz",
      "integrity": "sha1-p5yezIbuHOP6YgbRIWxQHxR/wH4="
    }
  }
}
